
Microsoft Visual Studio Solution File, Format Version 12.00
# Visual Studio Version 17
VisualStudioVersion = 17.0.32112.339
MinimumVisualStudioVersion = 10.0.40219.1
Project("{2150E333-8FDC-42A3-9474-1A3956D46DE8}") = "ShopManagement", "ShopManagement", "{11A6D0D8-4D2E-45AA-A278-5F361955616E}"
EndProject
Project("{2150E333-8FDC-42A3-9474-1A3956D46DE8}") = "SM.Domain", "SM.Domain", "{8C37E9B1-DA2E-4ABB-B341-66685E51A594}"
EndProject
Project("{9A19103F-16F7-4668-BE54-9A1E7A4F7556}") = "ShopManagement.Domain", "ShopManagement.Domain\ShopManagement.Domain.csproj", "{B0622B88-EE7A-48FF-A92A-404CD7EAEDC3}"
EndProject
Project("{9A19103F-16F7-4668-BE54-9A1E7A4F7556}") = "0_Framework", "0_Framework\0_Framework.csproj", "{A00802F4-284E-467E-B383-20AE0A7DCE88}"
EndProject
Project("{2150E333-8FDC-42A3-9474-1A3956D46DE8}") = "SM.Application", "SM.Application", "{EFEB0023-574E-4FD9-B6A3-2A011A360463}"
EndProject
Project("{9A19103F-16F7-4668-BE54-9A1E7A4F7556}") = "ShopManagement.Application.Contracts", "ShopManagement.Application.Contracts\ShopManagement.Application.Contracts.csproj", "{D897B829-91D2-4758-AB00-3B70EF79C56D}"
EndProject
Project("{9A19103F-16F7-4668-BE54-9A1E7A4F7556}") = "ShopManagement.Application", "ShopManagement.Application\ShopManagement.Application.csproj", "{F2F8059E-29D3-405A-A9F7-D12F62FC4FCB}"
EndProject
Project("{2150E333-8FDC-42A3-9474-1A3956D46DE8}") = "SM.Infrastructure", "SM.Infrastructure", "{9EED4C01-C208-465B-BBBD-E03B6E2121CA}"
EndProject
Project("{9A19103F-16F7-4668-BE54-9A1E7A4F7556}") = "ShopManagement.Infrastructure.EFCore", "ShopManagement.Infrastructure.EFCore\ShopManagement.Infrastructure.EFCore.csproj", "{E738C212-01DD-4CC9-A9D4-882A8E5A974C}"
EndProject
Project("{FAE04EC0-301F-11D3-BF4B-00C04F79EFBC}") = "ShopManagement.Configuration", "ShopManagement.Configuration\ShopManagement.Configuration.csproj", "{6869738B-9351-4559-ADD8-EFD74EBEF536}"
EndProject
Project("{FAE04EC0-301F-11D3-BF4B-00C04F79EFBC}") = "ServiceHost", "ServiceHost\ServiceHost.csproj", "{9CF1905B-7330-4834-854C-6DF17808C473}"
EndProject
Global
	GlobalSection(SolutionConfigurationPlatforms) = preSolution
		Debug|Any CPU = Debug|Any CPU
		Release|Any CPU = Release|Any CPU
	EndGlobalSection
	GlobalSection(ProjectConfigurationPlatforms) = postSolution
		{B0622B88-EE7A-48FF-A92A-404CD7EAEDC3}.Debug|Any CPU.ActiveCfg = Debug|Any CPU
		{B0622B88-EE7A-48FF-A92A-404CD7EAEDC3}.Debug|Any CPU.Build.0 = Debug|Any CPU
		{B0622B88-EE7A-48FF-A92A-404CD7EAEDC3}.Release|Any CPU.ActiveCfg = Release|Any CPU
		{B0622B88-EE7A-48FF-A92A-404CD7EAEDC3}.Release|Any CPU.Build.0 = Release|Any CPU
		{A00802F4-284E-467E-B383-20AE0A7DCE88}.Debug|Any CPU.ActiveCfg = Debug|Any CPU
		{A00802F4-284E-467E-B383-20AE0A7DCE88}.Debug|Any CPU.Build.0 = Debug|Any CPU
		{A00802F4-284E-467E-B383-20AE0A7DCE88}.Release|Any CPU.ActiveCfg = Release|Any CPU
		{A00802F4-284E-467E-B383-20AE0A7DCE88}.Release|Any CPU.Build.0 = Release|Any CPU
		{D897B829-91D2-4758-AB00-3B70EF79C56D}.Debug|Any CPU.ActiveCfg = Debug|Any CPU
		{D897B829-91D2-4758-AB00-3B70EF79C56D}.Debug|Any CPU.Build.0 = Debug|Any CPU
		{D897B829-91D2-4758-AB00-3B70EF79C56D}.Release|Any CPU.ActiveCfg = Release|Any CPU
		{D897B829-91D2-4758-AB00-3B70EF79C56D}.Release|Any CPU.Build.0 = Release|Any CPU
		{F2F8059E-29D3-405A-A9F7-D12F62FC4FCB}.Debug|Any CPU.ActiveCfg = Debug|Any CPU
		{F2F8059E-29D3-405A-A9F7-D12F62FC4FCB}.Debug|Any CPU.Build.0 = Debug|Any CPU
		{F2F8059E-29D3-405A-A9F7-D12F62FC4FCB}.Release|Any CPU.ActiveCfg = Release|Any CPU
		{F2F8059E-29D3-405A-A9F7-D12F62FC4FCB}.Release|Any CPU.Build.0 = Release|Any CPU
		{E738C212-01DD-4CC9-A9D4-882A8E5A974C}.Debug|Any CPU.ActiveCfg = Debug|Any CPU
		{E738C212-01DD-4CC9-A9D4-882A8E5A974C}.Debug|Any CPU.Build.0 = Debug|Any CPU
		{E738C212-01DD-4CC9-A9D4-882A8E5A974C}.Release|Any CPU.ActiveCfg = Release|Any CPU
		{E738C212-01DD-4CC9-A9D4-882A8E5A974C}.Release|Any CPU.Build.0 = Release|Any CPU
		{6869738B-9351-4559-ADD8-EFD74EBEF536}.Debug|Any CPU.ActiveCfg = Debug|Any CPU
		{6869738B-9351-4559-ADD8-EFD74EBEF536}.Debug|Any CPU.Build.0 = Debug|Any CPU
		{6869738B-9351-4559-ADD8-EFD74EBEF536}.Release|Any CPU.ActiveCfg = Release|Any CPU
		{6869738B-9351-4559-ADD8-EFD74EBEF536}.Release|Any CPU.Build.0 = Release|Any CPU
		{9CF1905B-7330-4834-854C-6DF17808C473}.Debug|Any CPU.ActiveCfg = Debug|Any CPU
		{9CF1905B-7330-4834-854C-6DF17808C473}.Debug|Any CPU.Build.0 = Debug|Any CPU
		{9CF1905B-7330-4834-854C-6DF17808C473}.Release|Any CPU.ActiveCfg = Release|Any CPU
		{9CF1905B-7330-4834-854C-6DF17808C473}.Release|Any CPU.Build.0 = Release|Any CPU
	EndGlobalSection
	GlobalSection(SolutionProperties) = preSolution
		HideSolutionNode = FALSE
	EndGlobalSection
	GlobalSection(NestedProjects) = preSolution
		{8C37E9B1-DA2E-4ABB-B341-66685E51A594} = {11A6D0D8-4D2E-45AA-A278-5F361955616E}
		{B0622B88-EE7A-48FF-A92A-404CD7EAEDC3} = {8C37E9B1-DA2E-4ABB-B341-66685E51A594}
		{EFEB0023-574E-4FD9-B6A3-2A011A360463} = {11A6D0D8-4D2E-45AA-A278-5F361955616E}
		{D897B829-91D2-4758-AB00-3B70EF79C56D} = {EFEB0023-574E-4FD9-B6A3-2A011A360463}
		{F2F8059E-29D3-405A-A9F7-D12F62FC4FCB} = {EFEB0023-574E-4FD9-B6A3-2A011A360463}
		{9EED4C01-C208-465B-BBBD-E03B6E2121CA} = {11A6D0D8-4D2E-45AA-A278-5F361955616E}
		{E738C212-01DD-4CC9-A9D4-882A8E5A974C} = {9EED4C01-C208-465B-BBBD-E03B6E2121CA}
		{6869738B-9351-4559-ADD8-EFD74EBEF536} = {9EED4C01-C208-465B-BBBD-E03B6E2121CA}
	EndGlobalSection
	GlobalSection(ExtensibilityGlobals) = postSolution
		SolutionGuid = {DA0DA158-DF20-4061-86DD-3E66F559C496}
	EndGlobalSection
EndGlobal
